
Microsoft Visual Studio Solution File, Format Version 12.00
# Visual Studio Version 17
VisualStudioVersion = 17.14.37502.11
MinimumVisualStudioVersion = 10.0.40219.1
Project("{FAE04EC0-301F-11D3-BF4B-00C04F79EFBC}") = "Library.API", "Library.API\Library.API.csproj", "{D21279C6-32E9-44D5-87B8-D15C61866E23}"
EndProject
Project("{FAE04EC0-301F-11D3-BF4B-00C04F79EFBC}") = "Library.Domain", "Library.Domain\Library.Domain.csproj", "{55079441-4263-472E-BD28-4CA1FAE93D20}"
EndProject
Project("{FAE04EC0-301F-11D3-BF4B-00C04F79EFBC}") = "Library.Applictation", "Library.Applictation\Library.Applictation.csproj", "{46BDDBF5-324A-4ACA-9B64-888F7BFFA577}"
EndProject
Project("{FAE04EC0-301F-11D3-BF4B-00C04F79EFBC}") = "Library.Infrastructure", "Library.Infrastructure\Library.Infrastructure.csproj", "{0D228A6D-F6F4-4AD5-BA67-E260E9448710}"
EndProject
Project("{FAE04EC0-301F-11D3-BF4B-00C04F79EFBC}") = "Library.Tests", "Library.Tests\Library.Tests.csproj", "{7F89F6CD-FDB8-462D-AB20-B9DD5D58F0AD}"
EndProject
Global
	GlobalSection(SolutionConfigurationPlatforms) = preSolution
		Debug|Any CPU = Debug|Any CPU
		Debug|x64 = Debug|x64
		Debug|x86 = Debug|x86
		Release|Any CPU = Release|Any CPU
		Release|x64 = Release|x64
		Release|x86 = Release|x86
	EndGlobalSection
	GlobalSection(ProjectConfigurationPlatforms) = postSolution
		{D21279C6-32E9-44D5-87B8-D15C61866E23}.Debug|Any CPU.ActiveCfg = Debug|Any CPU
		{D21279C6-32E9-44D5-87B8-D15C61866E23}.Debug|Any CPU.Build.0 = Debug|Any CPU
		{D21279C6-32E9-44D5-87B8-D15C61866E23}.Debug|x64.ActiveCfg = Debug|Any CPU
		{D21279C6-32E9-44D5-87B8-D15C61866E23}.Debug|x64.Build.0 = Debug|Any CPU
		{D21279C6-32E9-44D5-87B8-D15C61866E23}.Debug|x86.ActiveCfg = Debug|Any CPU
		{D21279C6-32E9-44D5-87B8-D15C61866E23}.Debug|x86.Build.0 = Debug|Any CPU
		{D21279C6-32E9-44D5-87B8-D15C61866E23}.Release|Any CPU.ActiveCfg = Release|Any CPU
		{D21279C6-32E9-44D5-87B8-D15C61866E23}.Release|Any CPU.Build.0 = Release|Any CPU
		{D21279C6-32E9-44D5-87B8-D15C61866E23}.Release|x64.ActiveCfg = Release|Any CPU
		{D21279C6-32E9-44D5-87B8-D15C61866E23}.Release|x64.Build.0 = Release|Any CPU
		{D21279C6-32E9-44D5-87B8-D15C61866E23}.Release|x86.ActiveCfg = Release|Any CPU
		{D21279C6-32E9-44D5-87B8-D15C61866E23}.Release|x86.Build.0 = Release|Any CPU
		{55079441-4263-472E-BD28-4CA1FAE93D20}.Debug|Any CPU.ActiveCfg = Debug|Any CPU
		{55079441-4263-472E-BD28-4CA1FAE93D20}.Debug|Any CPU.Build.0 = Debug|Any CPU
		{55079441-4263-472E-BD28-4CA1FAE93D20}.Debug|x64.ActiveCfg = Debug|Any CPU
		{55079441-4263-472E-BD28-4CA1FAE93D20}.Debug|x64.Build.0 = Debug|Any CPU
		{55079441-4263-472E-BD28-4CA1FAE93D20}.Debug|x86.ActiveCfg = Debug|Any CPU
		{55079441-4263-472E-BD28-4CA1FAE93D20}.Debug|x86.Build.0 = Debug|Any CPU
		{55079441-4263-472E-BD28-4CA1FAE93D20}.Release|Any CPU.ActiveCfg = Release|Any CPU
		{55079441-4263-472E-BD28-4CA1FAE93D20}.Release|Any CPU.Build.0 = Release|Any CPU
		{55079441-4263-472E-BD28-4CA1FAE93D20}.Release|x64.ActiveCfg = Release|Any CPU
		{55079441-4263-472E-BD28-4CA1FAE93D20}.Release|x64.Build.0 = Release|Any CPU
		{55079441-4263-472E-BD28-4CA1FAE93D20}.Release|x86.ActiveCfg = Release|Any CPU
		{55079441-4263-472E-BD28-4CA1FAE93D20}.Release|x86.Build.0 = Release|Any CPU
		{46BDDBF5-324A-4ACA-9B64-888F7BFFA577}.Debug|Any CPU.ActiveCfg = Debug|Any CPU
		{46BDDBF5-324A-4ACA-9B64-888F7BFFA577}.Debug|Any CPU.Build.0 = Debug|Any CPU
		{46BDDBF5-324A-4ACA-9B64-888F7BFFA577}.Debug|x64.ActiveCfg = Debug|Any CPU
		{46BDDBF5-324A-4ACA-9B64-888F7BFFA577}.Debug|x64.Build.0 = Debug|Any CPU
		{46BDDBF5-324A-4ACA-9B64-888F7BFFA577}.Debug|x86.ActiveCfg = Debug|Any CPU
		{46BDDBF5-324A-4ACA-9B64-888F7BFFA577}.Debug|x86.Build.0 = Debug|Any CPU
		{46BDDBF5-324A-4ACA-9B64-888F7BFFA577}.Release|Any CPU.ActiveCfg = Release|Any CPU
		{46BDDBF5-324A-4ACA-9B64-888F7BFFA577}.Release|Any CPU.Build.0 = Release|Any CPU
		{46BDDBF5-324A-4ACA-9B64-888F7BFFA577}.Release|x64.ActiveCfg = Release|Any CPU
		{46BDDBF5-324A-4ACA-9B64-888F7BFFA577}.Release|x64.Build.0 = Release|Any CPU
		{46BDDBF5-324A-4ACA-9B64-888F7BFFA577}.Release|x86.ActiveCfg = Release|Any CPU
		{46BDDBF5-324A-4ACA-9B64-888F7BFFA577}.Release|x86.Build.0 = Release|Any CPU
		{0D228A6D-F6F4-4AD5-BA67-E260E9448710}.Debug|Any CPU.ActiveCfg = Debug|Any CPU
		{0D228A6D-F6F4-4AD5-BA67-E260E9448710}.Debug|Any CPU.Build.0 = Debug|Any CPU
		{0D228A6D-F6F4-4AD5-BA67-E260E9448710}.Debug|x64.ActiveCfg = Debug|Any CPU
		{0D228A6D-F6F4-4AD5-BA67-E260E9448710}.Debug|x64.Build.0 = Debug|Any CPU
		{0D228A6D-F6F4-4AD5-BA67-E260E9448710}.Debug|x86.ActiveCfg = Debug|Any CPU
		{0D228A6D-F6F4-4AD5-BA67-E260E9448710}.Debug|x86.Build.0 = Debug|Any CPU
		{0D228A6D-F6F4-4AD5-BA67-E260E9448710}.Release|Any CPU.ActiveCfg = Release|Any CPU
		{0D228A6D-F6F4-4AD5-BA67-E260E9448710}.Release|Any CPU.Build.0 = Release|Any CPU
		{0D228A6D-F6F4-4AD5-BA67-E260E9448710}.Release|x64.ActiveCfg = Release|Any CPU
		{0D228A6D-F6F4-4AD5-BA67-E260E9448710}.Release|x64.Build.0 = Release|Any CPU
		{0D228A6D-F6F4-4AD5-BA67-E260E9448710}.Release|x86.ActiveCfg = Release|Any CPU
		{0D228A6D-F6F4-4AD5-BA67-E260E9448710}.Release|x86.Build.0 = Release|Any CPU
		{7F89F6CD-FDB8-462D-AB20-B9DD5D58F0AD}.Debug|Any CPU.ActiveCfg = Debug|Any CPU
		{7F89F6CD-FDB8-462D-AB20-B9DD5D58F0AD}.Debug|Any CPU.Build.0 = Debug|Any CPU
		{7F89F6CD-FDB8-462D-AB20-B9DD5D58F0AD}.Debug|x64.ActiveCfg = Debug|Any CPU
		{7F89F6CD-FDB8-462D-AB20-B9DD5D58F0AD}.Debug|x64.Build.0 = Debug|Any CPU
		{7F89F6CD-FDB8-462D-AB20-B9DD5D58F0AD}.Debug|x86.ActiveCfg = Debug|Any CPU
		{7F89F6CD-FDB8-462D-AB20-B9DD5D58F0AD}.Debug|x86.Build.0 = Debug|Any CPU
		{7F89F6CD-FDB8-462D-AB20-B9DD5D58F0AD}.Release|Any CPU.ActiveCfg = Release|Any CPU
		{7F89F6CD-FDB8-462D-AB20-B9DD5D58F0AD}.Release|Any CPU.Build.0 = Release|Any CPU
		{7F89F6CD-FDB8-462D-AB20-B9DD5D58F0AD}.Release|x64.ActiveCfg = Release|Any CPU
		{7F89F6CD-FDB8-462D-AB20-B9DD5D58F0AD}.Release|x64.Build.0 = Release|Any CPU
		{7F89F6CD-FDB8-462D-AB20-B9DD5D58F0AD}.Release|x86.ActiveCfg = Release|Any CPU
		{7F89F6CD-FDB8-462D-AB20-B9DD5D58F0AD}.Release|x86.Build.0 = Release|Any CPU
	EndGlobalSection
	GlobalSection(SolutionProperties) = preSolution
		HideSolutionNode = FALSE
	EndGlobalSection
	GlobalSection(ExtensibilityGlobals) = postSolution
		SolutionGuid = {8EB4109F-8B4E-46D5-BAA9-4A94698122B3}
	EndGlobalSection
EndGlobal
